
Microsoft Visual Studio Solution File, Format Version 12.00
# Visual Studio Version 16
VisualStudioVersion = 16.0.29326.143
MinimumVisualStudioVersion = 10.0.40219.1
Project("{FAE04EC0-301F-11D3-BF4B-00C04F79EFBC}") = "DataBaseFirst", "DataBaseFirst.csproj", "{F91D98EA-6358-4CF7-A91A-957763884513}"
EndProject
Global
	GlobalSection(SolutionConfigurationPlatforms) = preSolution
		Debug|Any CPU = Debug|Any CPU
		Release|Any CPU = Release|Any CPU
	EndGlobalSection
	GlobalSection(ProjectConfigurationPlatforms) = postSolution
		{F91D98EA-6358-4CF7-A91A-957763884513}.Debug|Any CPU.ActiveCfg = Debug|Any CPU
		{F91D98EA-6358-4CF7-A91A-957763884513}.Debug|Any CPU.Build.0 = Debug|Any CPU
		{F91D98EA-6358-4CF7-A91A-957763884513}.Release|Any CPU.ActiveCfg = Release|Any CPU
		{F91D98EA-6358-4CF7-A91A-957763884513}.Release|Any CPU.Build.0 = Release|Any CPU
	EndGlobalSection
	GlobalSection(SolutionProperties) = preSolution
		HideSolutionNode = FALSE
	EndGlobalSection
	GlobalSection(ExtensibilityGlobals) = postSolution
		SolutionGuid = {36609384-E56A-402A-932F-5408BC114F06}
	EndGlobalSection
EndGlobal
